
Microsoft Visual Studio Solution File, Format Version 12.00
# Visual Studio 14
VisualStudioVersion = 14.0.24720.0
MinimumVisualStudioVersion = 10.0.40219.1
Project("{FAE04EC0-301F-11D3-BF4B-00C04F79EFBC}") = "Logic", "Logic\Logic.csproj", "{148D9BE3-BEC9-4806-A51F-E89587D02C72}"
EndProject
Project("{FAE04EC0-301F-11D3-BF4B-00C04F79EFBC}") = "ConsoleUI", "ConsoleApplication1\ConsoleUI.csproj", "{4CA6CF85-4178-4F4D-AF83-CA93E65AF33D}"
EndProject
Global
	GlobalSection(SolutionConfigurationPlatforms) = preSolution
		Debug|Any CPU = Debug|Any CPU
		Release|Any CPU = Release|Any CPU
	EndGlobalSection
	GlobalSection(ProjectConfigurationPlatforms) = postSolution
		{148D9BE3-BEC9-4806-A51F-E89587D02C72}.Debug|Any CPU.ActiveCfg = Debug|Any CPU
		{148D9BE3-BEC9-4806-A51F-E89587D02C72}.Debug|Any CPU.Build.0 = Debug|Any CPU
		{148D9BE3-BEC9-4806-A51F-E89587D02C72}.Release|Any CPU.ActiveCfg = Release|Any CPU
		{148D9BE3-BEC9-4806-A51F-E89587D02C72}.Release|Any CPU.Build.0 = Release|Any CPU
		{4CA6CF85-4178-4F4D-AF83-CA93E65AF33D}.Debug|Any CPU.ActiveCfg = Debug|Any CPU
		{4CA6CF85-4178-4F4D-AF83-CA93E65AF33D}.Debug|Any CPU.Build.0 = Debug|Any CPU
		{4CA6CF85-4178-4F4D-AF83-CA93E65AF33D}.Release|Any CPU.ActiveCfg = Release|Any CPU
		{4CA6CF85-4178-4F4D-AF83-CA93E65AF33D}.Release|Any CPU.Build.0 = Release|Any CPU
	EndGlobalSection
	GlobalSection(SolutionProperties) = preSolution
		HideSolutionNode = FALSE
	EndGlobalSection
EndGlobal
